// !$*UTF8*$!
{
	archiveVersion = 1;
	classes = {
	};
	objectVersion = 51;
	objects = {

/* Begin PBXBuildFile section */
		199D05BC49871B6035E09393 /* Pods_RxContacts.framework in Frameworks */ = {isa = PBXBuildFile; fileRef = 5EB814169A814591BD081DE4 /* Pods_RxContacts.framework */; };
		D49E02FE261D4734006B6397 /* ContactsViewReactor.swift in Sources */ = {isa = PBXBuildFile; fileRef = D49E02FD261D4734006B6397 /* ContactsViewReactor.swift */; };
		D4F45F11261BE5260029CE15 /* Contact.swift in Sources */ = {isa = PBXBuildFile; fileRef = D4F45F10261BE5260029CE15 /* Contact.swift */; };
		D4F45F16261BE9890029CE15 /* ContactTableViewCell.swift in Sources */ = {isa = PBXBuildFile; fileRef = D4F45F15261BE9890029CE15 /* ContactTableViewCell.swift */; };
		D4F45F30261C20F00029CE15 /* ContactSection.swift in Sources */ = {isa = PBXBuildFile; fileRef = D4F45F2F261C20F00029CE15 /* ContactSection.swift */; };
		D4F45F34261C22070029CE15 /* String+headerLetter.swift in Sources */ = {isa = PBXBuildFile; fileRef = D4F45F33261C22070029CE15 /* String+headerLetter.swift */; };
		D4F45F4A261C43D30029CE15 /* UITableViewCell+Reusable.swift in Sources */ = {isa = PBXBuildFile; fileRef = D4F45F49261C43D30029CE15 /* UITableViewCell+Reusable.swift */; };
		D4F909D1261AD7D6005A2DD1 /* AppDelegate.swift in Sources */ = {isa = PBXBuildFile; fileRef = D4F909D0261AD7D6005A2DD1 /* AppDelegate.swift */; };
		D4F909DA261AD7D7005A2DD1 /* Assets.xcassets in Resources */ = {isa = PBXBuildFile; fileRef = D4F909D9261AD7D7005A2DD1 /* Assets.xcassets */; };
		D4F909DD261AD7D7005A2DD1 /* LaunchScreen.storyboard in Resources */ = {isa = PBXBuildFile; fileRef = D4F909DB261AD7D7005A2DD1 /* LaunchScreen.storyboard */; };
		D4F90A09261AE36C005A2DD1 /* ContactsViewController.swift in Sources */ = {isa = PBXBuildFile; fileRef = D4F90A08261AE36C005A2DD1 /* ContactsViewController.swift */; };
/* End PBXBuildFile section */

/* Begin PBXFileReference section */
		5EB814169A814591BD081DE4 /* Pods_RxContacts.framework */ = {isa = PBXFileReference; explicitFileType = wrapper.framework; includeInIndex = 0; path = Pods_RxContacts.framework; sourceTree = BUILT_PRODUCTS_DIR; };
		9FBCB72210724F9F1749B0F8 /* Pods-RxContacts.debug.xcconfig */ = {isa = PBXFileReference; includeInIndex = 1; lastKnownFileType = text.xcconfig; name = "Pods-RxContacts.debug.xcconfig"; path = "Target Support Files/Pods-RxContacts/Pods-RxContacts.debug.xcconfig"; sourceTree = "<group>"; };
		B328914DA9FFC57BA7E97714 /* Pods-RxContacts.release.xcconfig */ = {isa = PBXFileReference; includeInIndex = 1; lastKnownFileType = text.xcconfig; name = "Pods-RxContacts.release.xcconfig"; path = "Target Support Files/Pods-RxContacts/Pods-RxContacts.release.xcconfig"; sourceTree = "<group>"; };
		D49E02FD261D4734006B6397 /* ContactsViewReactor.swift */ = {isa = PBXFileReference; lastKnownFileType = sourcecode.swift; path = ContactsViewReactor.swift; sourceTree = "<group>"; };
		D4F45F10261BE5260029CE15 /* Contact.swift */ = {isa = PBXFileReference; lastKnownFileType = sourcecode.swift; path = Contact.swift; sourceTree = "<group>"; };
		D4F45F15261BE9890029CE15 /* ContactTableViewCell.swift */ = {isa = PBXFileReference; lastKnownFileType = sourcecode.swift; path = ContactTableViewCell.swift; sourceTree = "<group>"; };
		D4F45F2F261C20F00029CE15 /* ContactSection.swift */ = {isa = PBXFileReference; lastKnownFileType = sourcecode.swift; path = ContactSection.swift; sourceTree = "<group>"; };
		D4F45F33261C22070029CE15 /* String+headerLetter.swift */ = {isa = PBXFileReference; lastKnownFileType = sourcecode.swift; path = "String+headerLetter.swift"; sourceTree = "<group>"; };
		D4F45F49261C43D30029CE15 /* UITableViewCell+Reusable.swift */ = {isa = PBXFileReference; lastKnownFileType = sourcecode.swift; path = "UITableViewCell+Reusable.swift"; sourceTree = "<group>"; };
		D4F909CD261AD7D6005A2DD1 /* RxContacts.app */ = {isa = PBXFileReference; explicitFileType = wrapper.application; includeInIndex = 0; path = RxContacts.app; sourceTree = BUILT_PRODUCTS_DIR; };
		D4F909D0261AD7D6005A2DD1 /* AppDelegate.swift */ = {isa = PBXFileReference; lastKnownFileType = sourcecode.swift; path = AppDelegate.swift; sourceTree = "<group>"; };
		D4F909D9261AD7D7005A2DD1 /* Assets.xcassets */ = {isa = PBXFileReference; lastKnownFileType = folder.assetcatalog; path = Assets.xcassets; sourceTree = "<group>"; };
		D4F909DC261AD7D7005A2DD1 /* Base */ = {isa = PBXFileReference; lastKnownFileType = file.storyboard; name = Base; path = Base.lproj/LaunchScreen.storyboard; sourceTree = "<group>"; };
		D4F909DE261AD7D7005A2DD1 /* Info.plist */ = {isa = PBXFileReference; lastKnownFileType = text.plist.xml; path = Info.plist; sourceTree = "<group>"; };
		D4F90A08261AE36C005A2DD1 /* ContactsViewController.swift */ = {isa = PBXFileReference; lastKnownFileType = sourcecode.swift; path = ContactsViewController.swift; sourceTree = "<group>"; };
/* End PBXFileReference section */

/* Begin PBXFrameworksBuildPhase section */
		D4F909CA261AD7D6005A2DD1 /* Frameworks */ = {
			isa = PBXFrameworksBuildPhase;
			buildActionMask = 2147483647;
			files = (
				199D05BC49871B6035E09393 /* Pods_RxContacts.framework in Frameworks */,
			);
			runOnlyForDeploymentPostprocessing = 0;
		};
/* End PBXFrameworksBuildPhase section */

/* Begin PBXGroup section */
		D4F45F0F261BE51F0029CE15 /* Model */ = {
			isa = PBXGroup;
			children = (
				D4F45F10261BE5260029CE15 /* Contact.swift */,
				D4F45F2F261C20F00029CE15 /* ContactSection.swift */,
			);
			path = Model;
			sourceTree = "<group>";
		};
		D4F45F14261BE94E0029CE15 /* View */ = {
			isa = PBXGroup;
			children = (
				D4F45F15261BE9890029CE15 /* ContactTableViewCell.swift */,
			);
			path = View;
			sourceTree = "<group>";
		};
		D4F45F32261C21AD0029CE15 /* Utils */ = {
			isa = PBXGroup;
			children = (
				D4F45F33261C22070029CE15 /* String+headerLetter.swift */,
				D4F45F49261C43D30029CE15 /* UITableViewCell+Reusable.swift */,
			);
			path = Utils;
			sourceTree = "<group>";
		};
		D4F909C4261AD7D6005A2DD1 = {
			isa = PBXGroup;
			children = (
				D4F909CF261AD7D6005A2DD1 /* RxContacts */,
				D4F909CE261AD7D6005A2DD1 /* Products */,
				E49FC26CE5C2D7609EA21265 /* Pods */,
				FBAEDA7A9FE8B47B3640AAC1 /* Frameworks */,
			);
			sourceTree = "<group>";
		};
		D4F909CE261AD7D6005A2DD1 /* Products */ = {
			isa = PBXGroup;
			children = (
				D4F909CD261AD7D6005A2DD1 /* RxContacts.app */,
			);
			name = Products;
			sourceTree = "<group>";
		};
		D4F909CF261AD7D6005A2DD1 /* RxContacts */ = {
			isa = PBXGroup;
			children = (
				D4F909D0261AD7D6005A2DD1 /* AppDelegate.swift */,
				D4F909D9261AD7D7005A2DD1 /* Assets.xcassets */,
				D4F909DB261AD7D7005A2DD1 /* LaunchScreen.storyboard */,
				D4F909DE261AD7D7005A2DD1 /* Info.plist */,
				D4F90A08261AE36C005A2DD1 /* ContactsViewController.swift */,
				D49E02FD261D4734006B6397 /* ContactsViewReactor.swift */,
				D4F45F14261BE94E0029CE15 /* View */,
				D4F45F0F261BE51F0029CE15 /* Model */,
				D4F45F32261C21AD0029CE15 /* Utils */,
			);
			path = RxContacts;
			sourceTree = "<group>";
		};
		E49FC26CE5C2D7609EA21265 /* Pods */ = {
			isa = PBXGroup;
			children = (
				9FBCB72210724F9F1749B0F8 /* Pods-RxContacts.debug.xcconfig */,
				B328914DA9FFC57BA7E97714 /* Pods-RxContacts.release.xcconfig */,
			);
			path = Pods;
			sourceTree = "<group>";
		};
		FBAEDA7A9FE8B47B3640AAC1 /* Frameworks */ = {
			isa = PBXGroup;
			children = (
				5EB814169A814591BD081DE4 /* Pods_RxContacts.framework */,
			);
			name = Frameworks;
			sourceTree = "<group>";
		};
/* End PBXGroup section */

/* Begin PBXNativeTarget section */
		D4F909CC261AD7D6005A2DD1 /* RxContacts */ = {
			isa = PBXNativeTarget;
			buildConfigurationList = D4F909E1261AD7D7005A2DD1 /* Build configuration list for PBXNativeTarget "RxContacts" */;
			buildPhases = (
				F79FA219954D779A89D11C41 /* [CP] Check Pods Manifest.lock */,
				D4F909C9261AD7D6005A2DD1 /* Sources */,
				D4F909CA261AD7D6005A2DD1 /* Frameworks */,
				D4F909CB261AD7D6005A2DD1 /* Resources */,
				24F6229FA867E3D02E1E5E6F /* [CP] Embed Pods Frameworks */,
			);
			buildRules = (
			);
			dependencies = (
			);
			name = RxContacts;
			productName = RxContacts;
			productReference = D4F909CD261AD7D6005A2DD1 /* RxContacts.app */;
			productType = "com.apple.product-type.application";
		};
/* End PBXNativeTarget section */

/* Begin PBXProject section */
		D4F909C5261AD7D6005A2DD1 /* Project object */ = {
			isa = PBXProject;
			attributes = {
				LastSwiftUpdateCheck = 1240;
				LastUpgradeCheck = 1240;
				TargetAttributes = {
					D4F909CC261AD7D6005A2DD1 = {
						CreatedOnToolsVersion = 12.4;
					};
				};
			};
			buildConfigurationList = D4F909C8261AD7D6005A2DD1 /* Build configuration list for PBXProject "RxContacts" */;
			compatibilityVersion = "Xcode 9.3";
			developmentRegion = en;
			hasScannedForEncodings = 0;
			knownRegions = (
				en,
				Base,
			);
			mainGroup = D4F909C4261AD7D6005A2DD1;
			productRefGroup = D4F909CE261AD7D6005A2DD1 /* Products */;
			projectDirPath = "";
			projectRoot = "";
			targets = (
				D4F909CC261AD7D6005A2DD1 /* RxContacts */,
			);
		};
/* End PBXProject section */

/* Begin PBXResourcesBuildPhase section */
		D4F909CB261AD7D6005A2DD1 /* Resources */ = {
			isa = PBXResourcesBuildPhase;
			buildActionMask = 2147483647;
			files = (
				D4F909DD261AD7D7005A2DD1 /* LaunchScreen.storyboard in Resources */,
				D4F909DA261AD7D7005A2DD1 /* Assets.xcassets in Resources */,
			);
			runOnlyForDeploymentPostprocessing = 0;
		};
/* End PBXResourcesBuildPhase section */

/* Begin PBXShellScriptBuildPhase section */
		24F6229FA867E3D02E1E5E6F /* [CP] Embed Pods Frameworks */ = {
			isa = PBXShellScriptBuildPhase;
			buildActionMask = 2147483647;
			files = (
			);
			inputFileListPaths = (
				"${PODS_ROOT}/Target Support Files/Pods-RxContacts/Pods-RxContacts-frameworks-${CONFIGURATION}-input-files.xcfilelist",
			);
			name = "[CP] Embed Pods Frameworks";
			outputFileListPaths = (
				"${PODS_ROOT}/Target Support Files/Pods-RxContacts/Pods-RxContacts-frameworks-${CONFIGURATION}-output-files.xcfilelist",
			);
			runOnlyForDeploymentPostprocessing = 0;
			shellPath = /bin/sh;
			shellScript = "\"${PODS_ROOT}/Target Support Files/Pods-RxContacts/Pods-RxContacts-frameworks.sh\"\n";
			showEnvVarsInLog = 0;
		};
		F79FA219954D779A89D11C41 /* [CP] Check Pods Manifest.lock */ = {
			isa = PBXShellScriptBuildPhase;
			buildActionMask = 2147483647;
			files = (
			);
			inputFileListPaths = (
			);
			inputPaths = (
				"${PODS_PODFILE_DIR_PATH}/Podfile.lock",
				"${PODS_ROOT}/Manifest.lock",
			);
			name = "[CP] Check Pods Manifest.lock";
			outputFileListPaths = (
			);
			outputPaths = (
				"$(DERIVED_FILE_DIR)/Pods-RxContacts-checkManifestLockResult.txt",
			);
			runOnlyForDeploymentPostprocessing = 0;
			shellPath = /bin/sh;
			shellScript = "diff \"${PODS_PODFILE_DIR_PATH}/Podfile.lock\" \"${PODS_ROOT}/Manifest.lock\" > /dev/null\nif [ $? != 0 ] ; then\n    # print error to STDERR\n    echo \"error: The sandbox is not in sync with the Podfile.lock. Run 'pod install' or update your CocoaPods installation.\" >&2\n    exit 1\nfi\n# This output is used by Xcode 'outputs' to avoid re-running this script phase.\necho \"SUCCESS\" > \"${SCRIPT_OUTPUT_FILE_0}\"\n";
			showEnvVarsInLog = 0;
		};
/* End PBXShellScriptBuildPhase section */

/* Begin PBXSourcesBuildPhase section */
		D4F909C9261AD7D6005A2DD1 /* Sources */ = {
			isa = PBXSourcesBuildPhase;
			buildActionMask = 2147483647;
			files = (
				D4F45F4A261C43D30029CE15 /* UITableViewCell+Reusable.swift in Sources */,
				D4F45F30261C20F00029CE15 /* ContactSection.swift in Sources */,
				D4F45F16261BE9890029CE15 /* ContactTableViewCell.swift in Sources */,
				D4F909D1261AD7D6005A2DD1 /* AppDelegate.swift in Sources */,
				D4F45F11261BE5260029CE15 /* Contact.swift in Sources */,
				D4F90A09261AE36C005A2DD1 /* ContactsViewController.swift in Sources */,
				D49E02FE261D4734006B6397 /* ContactsViewReactor.swift in Sources */,
				D4F45F34261C22070029CE15 /* String+headerLetter.swift in Sources */,
			);
			runOnlyForDeploymentPostprocessing = 0;
		};
/* End PBXSourcesBuildPhase section */

/* Begin PBXVariantGroup section */
		D4F909DB261AD7D7005A2DD1 /* LaunchScreen.storyboard */ = {
			isa = PBXVariantGroup;
			children = (
				D4F909DC261AD7D7005A2DD1 /* Base */,
			);
			name = LaunchScreen.storyboard;
			sourceTree = "<group>";
		};
/* End PBXVariantGroup section */

/* Begin XCBuildConfiguration section */
		D4F909DF261AD7D7005A2DD1 /* Debug */ = {
			isa = XCBuildConfiguration;
			buildSettings = {
				ALWAYS_SEARCH_USER_PATHS = NO;
				CLANG_ANALYZER_NONNULL = YES;
				CLANG_ANALYZER_NUMBER_OBJECT_CONVERSION = YES_AGGRESSIVE;
				CLANG_CXX_LANGUAGE_STANDARD = "gnu++14";
				CLANG_CXX_LIBRARY = "libc++";
				CLANG_ENABLE_MODULES = YES;
				CLANG_ENABLE_OBJC_ARC = YES;
				CLANG_ENABLE_OBJC_WEAK = YES;
				CLANG_WARN_BLOCK_CAPTURE_AUTORELEASING = YES;
				CLANG_WARN_BOOL_CONVERSION = YES;
				CLANG_WARN_COMMA = YES;
				CLANG_WARN_CONSTANT_CONVERSION = YES;
				CLANG_WARN_DEPRECATED_OBJC_IMPLEMENTATIONS = YES;
				CLANG_WARN_DIRECT_OBJC_ISA_USAGE = YES_ERROR;
				CLANG_WARN_DOCUMENTATION_COMMENTS = YES;
				CLANG_WARN_EMPTY_BODY = YES;
				CLANG_WARN_ENUM_CONVERSION = YES;
				CLANG_WARN_INFINITE_RECURSION = YES;
				CLANG_WARN_INT_CONVERSION = YES;
				CLANG_WARN_NON_LITERAL_NULL_CONVERSION = YES;
				CLANG_WARN_OBJC_IMPLICIT_RETAIN_SELF = YES;
				CLANG_WARN_OBJC_LITERAL_CONVERSION = YES;
				CLANG_WARN_OBJC_ROOT_CLASS = YES_ERROR;
				CLANG_WARN_QUOTED_INCLUDE_IN_FRAMEWORK_HEADER = YES;
				CLANG_WARN_RANGE_LOOP_ANALYSIS = YES;
				CLANG_WARN_STRICT_PROTOTYPES = YES;
				CLANG_WARN_SUSPICIOUS_MOVE = YES;
				CLANG_WARN_UNGUARDED_AVAILABILITY = YES_AGGRESSIVE;
				CLANG_WARN_UNREACHABLE_CODE = YES;
				CLANG_WARN__DUPLICATE_METHOD_MATCH = YES;
				COPY_PHASE_STRIP = NO;
				DEBUG_INFORMATION_FORMAT = dwarf;
				ENABLE_STRICT_OBJC_MSGSEND = YES;
				ENABLE_TESTABILITY = YES;
				GCC_C_LANGUAGE_STANDARD = gnu11;
				GCC_DYNAMIC_NO_PIC = NO;
				GCC_NO_COMMON_BLOCKS = YES;
				GCC_OPTIMIZATION_LEVEL = 0;
				GCC_PREPROCESSOR_DEFINITIONS = (
					"DEBUG=1",
					"$(inherited)",
				);
				GCC_WARN_64_TO_32_BIT_CONVERSION = YES;
				GCC_WARN_ABOUT_RETURN_TYPE = YES_ERROR;
				GCC_WARN_UNDECLARED_SELECTOR = YES;
				GCC_WARN_UNINITIALIZED_AUTOS = YES_AGGRESSIVE;
				GCC_WARN_UNUSED_FUNCTION = YES;
				GCC_WARN_UNUSED_VARIABLE = YES;
				IPHONEOS_DEPLOYMENT_TARGET = 14.4;
				MTL_ENABLE_DEBUG_INFO = INCLUDE_SOURCE;
				MTL_FAST_MATH = YES;
				ONLY_ACTIVE_ARCH = YES;
				SDKROOT = iphoneos;
				SWIFT_ACTIVE_COMPILATION_CONDITIONS = DEBUG;
				SWIFT_OPTIMIZATION_LEVEL = "-Onone";
			};
			name = Debug;
		};
		D4F909E0261AD7D7005A2DD1 /* Release */ = {
			isa = XCBuildConfiguration;
			buildSettings = {
				ALWAYS_SEARCH_USER_PATHS = NO;
				CLANG_ANALYZER_NONNULL = YES;
				CLANG_ANALYZER_NUMBER_OBJECT_CONVERSION = YES_AGGRESSIVE;
				CLANG_CXX_LANGUAGE_STANDARD = "gnu++14";
				CLANG_CXX_LIBRARY = "libc++";
				CLANG_ENABLE_MODULES = YES;
				CLANG_ENABLE_OBJC_ARC = YES;
				CLANG_ENABLE_OBJC_WEAK = YES;
				CLANG_WARN_BLOCK_CAPTURE_AUTORELEASING = YES;
				CLANG_WARN_BOOL_CONVERSION = YES;
				CLANG_WARN_COMMA = YES;
				CLANG_WARN_CONSTANT_CONVERSION = YES;
				CLANG_WARN_DEPRECATED_OBJC_IMPLEMENTATIONS = YES;
				CLANG_WARN_DIRECT_OBJC_ISA_USAGE = YES_ERROR;
				CLANG_WARN_DOCUMENTATION_COMMENTS = YES;
				CLANG_WARN_EMPTY_BODY = YES;
				CLANG_WARN_ENUM_CONVERSION = YES;
				CLANG_WARN_INFINITE_RECURSION = YES;
				CLANG_WARN_INT_CONVERSION = YES;
				CLANG_WARN_NON_LITERAL_NULL_CONVERSION = YES;
				CLANG_WARN_OBJC_IMPLICIT_RETAIN_SELF = YES;
				CLANG_WARN_OBJC_LITERAL_CONVERSION = YES;
				CLANG_WARN_OBJC_ROOT_CLASS = YES_ERROR;
				CLANG_WARN_QUOTED_INCLUDE_IN_FRAMEWORK_HEADER = YES;
				CLANG_WARN_RANGE_LOOP_ANALYSIS = YES;
				CLANG_WARN_STRICT_PROTOTYPES = YES;
				CLANG_WARN_SUSPICIOUS_MOVE = YES;
				CLANG_WARN_UNGUARDED_AVAILABILITY = YES_AGGRESSIVE;
				CLANG_WARN_UNREACHABLE_CODE = YES;
				CLANG_WARN__DUPLICATE_METHOD_MATCH = YES;
				COPY_PHASE_STRIP = NO;
				DEBUG_INFORMATION_FORMAT = "dwarf-with-dsym";
				ENABLE_NS_ASSERTIONS = NO;
				ENABLE_STRICT_OBJC_MSGSEND = YES;
				GCC_C_LANGUAGE_STANDARD = gnu11;
				GCC_NO_COMMON_BLOCKS = YES;
				GCC_WARN_64_TO_32_BIT_CONVERSION = YES;
				GCC_WARN_ABOUT_RETURN_TYPE = YES_ERROR;
				GCC_WARN_UNDECLARED_SELECTOR = YES;
				GCC_WARN_UNINITIALIZED_AUTOS = YES_AGGRESSIVE;
				GCC_WARN_UNUSED_FUNCTION = YES;
				GCC_WARN_UNUSED_VARIABLE = YES;
				IPHONEOS_DEPLOYMENT_TARGET = 14.4;
				MTL_ENABLE_DEBUG_INFO = NO;
				MTL_FAST_MATH = YES;
				SDKROOT = iphoneos;
				SWIFT_COMPILATION_MODE = wholemodule;
				SWIFT_OPTIMIZATION_LEVEL = "-O";
				VALIDATE_PRODUCT = YES;
			};
			name = Release;
		};
		D4F909E2261AD7D7005A2DD1 /* Debug */ = {
			isa = XCBuildConfiguration;
			baseConfigurationReference = 9FBCB72210724F9F1749B0F8 /* Pods-RxContacts.debug.xcconfig */;
			buildSettings = {
				ASSETCATALOG_COMPILER_APPICON_NAME = AppIcon;
				ASSETCATALOG_COMPILER_GLOBAL_ACCENT_COLOR_NAME = AccentColor;
				CODE_SIGN_STYLE = Automatic;
				DEVELOPMENT_TEAM = 38DT2DCWWK;
				INFOPLIST_FILE = RxContacts/Info.plist;
				IPHONEOS_DEPLOYMENT_TARGET = 11.0;
				LD_RUNPATH_SEARCH_PATHS = (
					"$(inherited)",
					"@executable_path/Frameworks",
				);
				PRODUCT_BUNDLE_IDENTIFIER = kr.pio.RxContacts;
				PRODUCT_NAME = "$(TARGET_NAME)";
				SWIFT_VERSION = 5.0;
				TARGETED_DEVICE_FAMILY = "1,2";
			};
			name = Debug;
		};
		D4F909E3261AD7D7005A2DD1 /* Release */ = {
			isa = XCBuildConfiguration;
			baseConfigurationReference = B328914DA9FFC57BA7E97714 /* Pods-RxContacts.release.xcconfig */;
			buildSettings = {
				ASSETCATALOG_COMPILER_APPICON_NAME = AppIcon;
				ASSETCATALOG_COMPILER_GLOBAL_ACCENT_COLOR_NAME = AccentColor;
				CODE_SIGN_STYLE = Automatic;
				DEVELOPMENT_TEAM = 38DT2DCWWK;
				INFOPLIST_FILE = RxContacts/Info.plist;
				IPHONEOS_DEPLOYMENT_TARGET = 11.0;
				LD_RUNPATH_SEARCH_PATHS = (
					"$(inherited)",
					"@executable_path/Frameworks",
				);
				PRODUCT_BUNDLE_IDENTIFIER = kr.pio.RxContacts;
				PRODUCT_NAME = "$(TARGET_NAME)";
				SWIFT_VERSION = 5.0;
				TARGETED_DEVICE_FAMILY = "1,2";
			};
			name = Release;
		};
/* End XCBuildConfiguration section */

/* Begin XCConfigurationList section */
		D4F909C8261AD7D6005A2DD1 /* Build configuration list for PBXProject "RxContacts" */ = {
			isa = XCConfigurationList;
			buildConfigurations = (
				D4F909DF261AD7D7005A2DD1 /* Debug */,
				D4F909E0261AD7D7005A2DD1 /* Release */,
			);
			defaultConfigurationIsVisible = 0;
			defaultConfigurationName = Release;
		};
		D4F909E1261AD7D7005A2DD1 /* Build configuration list for PBXNativeTarget "RxContacts" */ = {
			isa = XCConfigurationList;
			buildConfigurations = (
				D4F909E2261AD7D7005A2DD1 /* Debug */,
				D4F909E3261AD7D7005A2DD1 /* Release */,
			);
			defaultConfigurationIsVisible = 0;
			defaultConfigurationName = Release;
		};
/* End XCConfigurationList section */
	};
	rootObject = D4F909C5261AD7D6005A2DD1 /* Project object */;
}
